// !$*UTF8*$!
{
	archiveVersion = 1;
	classes = {
	};
	objectVersion = 50;
	objects = {

/* Begin PBXBuildFile section */
		870B0A152180C7C800B26350 /* AppDelegate.swift in Sources */ = {isa = PBXBuildFile; fileRef = 870B0A142180C7C800B26350 /* AppDelegate.swift */; };
		870B0A1A2180C7C800B26350 /* Main.storyboard in Resources */ = {isa = PBXBuildFile; fileRef = 870B0A182180C7C800B26350 /* Main.storyboard */; };
		870B0A1C2180C7CE00B26350 /* Assets.xcassets in Resources */ = {isa = PBXBuildFile; fileRef = 870B0A1B2180C7CE00B26350 /* Assets.xcassets */; };
		870B0A1F2180C7CE00B26350 /* LaunchScreen.storyboard in Resources */ = {isa = PBXBuildFile; fileRef = 870B0A1D2180C7CE00B26350 /* LaunchScreen.storyboard */; };
		872A9E4221837DE4007558E5 /* OlderOfferViewController.swift in Sources */ = {isa = PBXBuildFile; fileRef = 872A9E4121837DE4007558E5 /* OlderOfferViewController.swift */; };
		872A9E4421837DEF007558E5 /* NewOfferViewController.swift in Sources */ = {isa = PBXBuildFile; fileRef = 872A9E4321837DEF007558E5 /* NewOfferViewController.swift */; };
		872A9E4621837DFB007558E5 /* HomeViewController.swift in Sources */ = {isa = PBXBuildFile; fileRef = 872A9E4521837DFB007558E5 /* HomeViewController.swift */; };
		872A9E4821837E17007558E5 /* PaymentViewController.swift in Sources */ = {isa = PBXBuildFile; fileRef = 872A9E4721837E17007558E5 /* PaymentViewController.swift */; };
		872A9E4A21838950007558E5 /* NearMaruthiMeViewController.swift in Sources */ = {isa = PBXBuildFile; fileRef = 872A9E4921838950007558E5 /* NearMaruthiMeViewController.swift */; };
		872A9E4C21838966007558E5 /* BookCarServiceViewController.swift in Sources */ = {isa = PBXBuildFile; fileRef = 872A9E4B21838966007558E5 /* BookCarServiceViewController.swift */; };
		872A9E4E21838973007558E5 /* BookTestRideViewController.swift in Sources */ = {isa = PBXBuildFile; fileRef = 872A9E4D21838973007558E5 /* BookTestRideViewController.swift */; };
		872A9E5021838980007558E5 /* CustomerCareViewController.swift in Sources */ = {isa = PBXBuildFile; fileRef = 872A9E4F21838980007558E5 /* CustomerCareViewController.swift */; };
		87CD2B282186D571005E8390 /* ChirpConnect.framework in Frameworks */ = {isa = PBXBuildFile; fileRef = 87CD2B272186D571005E8390 /* ChirpConnect.framework */; };
		87CD2B2B2186E1C8005E8390 /* PaymentOldViewController.swift in Sources */ = {isa = PBXBuildFile; fileRef = 87CD2B2A2186E1C8005E8390 /* PaymentOldViewController.swift */; };
		87D8E03321A40585003BA597 /* libstdc++.tbd in Frameworks */ = {isa = PBXBuildFile; fileRef = 87D8E03221A40585003BA597 /* libstdc++.tbd */; };
/* End PBXBuildFile section */

/* Begin PBXFileReference section */
		870B0A112180C7C800B26350 /* MeriMaruthi.app */ = {isa = PBXFileReference; explicitFileType = wrapper.application; includeInIndex = 0; path = MeriMaruthi.app; sourceTree = BUILT_PRODUCTS_DIR; };
		870B0A142180C7C800B26350 /* AppDelegate.swift */ = {isa = PBXFileReference; lastKnownFileType = sourcecode.swift; path = AppDelegate.swift; sourceTree = "<group>"; };
		870B0A192180C7C800B26350 /* Base */ = {isa = PBXFileReference; lastKnownFileType = file.storyboard; name = Base; path = Base.lproj/Main.storyboard; sourceTree = "<group>"; };
		870B0A1B2180C7CE00B26350 /* Assets.xcassets */ = {isa = PBXFileReference; lastKnownFileType = folder.assetcatalog; path = Assets.xcassets; sourceTree = "<group>"; };
		870B0A1E2180C7CE00B26350 /* Base */ = {isa = PBXFileReference; lastKnownFileType = file.storyboard; name = Base; path = Base.lproj/LaunchScreen.storyboard; sourceTree = "<group>"; };
		870B0A202180C7CE00B26350 /* Info.plist */ = {isa = PBXFileReference; lastKnownFileType = text.plist.xml; path = Info.plist; sourceTree = "<group>"; };
		872A9E4121837DE4007558E5 /* OlderOfferViewController.swift */ = {isa = PBXFileReference; lastKnownFileType = sourcecode.swift; path = OlderOfferViewController.swift; sourceTree = "<group>"; };
		872A9E4321837DEF007558E5 /* NewOfferViewController.swift */ = {isa = PBXFileReference; lastKnownFileType = sourcecode.swift; path = NewOfferViewController.swift; sourceTree = "<group>"; };
		872A9E4521837DFB007558E5 /* HomeViewController.swift */ = {isa = PBXFileReference; lastKnownFileType = sourcecode.swift; path = HomeViewController.swift; sourceTree = "<group>"; };
		872A9E4721837E17007558E5 /* PaymentViewController.swift */ = {isa = PBXFileReference; lastKnownFileType = sourcecode.swift; path = PaymentViewController.swift; sourceTree = "<group>"; };
		872A9E4921838950007558E5 /* NearMaruthiMeViewController.swift */ = {isa = PBXFileReference; lastKnownFileType = sourcecode.swift; path = NearMaruthiMeViewController.swift; sourceTree = "<group>"; };
		872A9E4B21838966007558E5 /* BookCarServiceViewController.swift */ = {isa = PBXFileReference; lastKnownFileType = sourcecode.swift; path = BookCarServiceViewController.swift; sourceTree = "<group>"; };
		872A9E4D21838973007558E5 /* BookTestRideViewController.swift */ = {isa = PBXFileReference; lastKnownFileType = sourcecode.swift; path = BookTestRideViewController.swift; sourceTree = "<group>"; };
		872A9E4F21838980007558E5 /* CustomerCareViewController.swift */ = {isa = PBXFileReference; lastKnownFileType = sourcecode.swift; path = CustomerCareViewController.swift; sourceTree = "<group>"; };
		87CD2B272186D571005E8390 /* ChirpConnect.framework */ = {isa = PBXFileReference; lastKnownFileType = wrapper.framework; path = ChirpConnect.framework; sourceTree = "<group>"; };
		87CD2B292186D591005E8390 /* MeriMaruthi-Bridging-Header.h */ = {isa = PBXFileReference; lastKnownFileType = sourcecode.c.h; path = "MeriMaruthi-Bridging-Header.h"; sourceTree = "<group>"; };
		87CD2B2A2186E1C8005E8390 /* PaymentOldViewController.swift */ = {isa = PBXFileReference; lastKnownFileType = sourcecode.swift; path = PaymentOldViewController.swift; sourceTree = "<group>"; };
		87D8E03221A40585003BA597 /* libstdc++.tbd */ = {isa = PBXFileReference; lastKnownFileType = "sourcecode.text-based-dylib-definition"; name = "libstdc++.tbd"; path = "usr/lib/libstdc++.tbd"; sourceTree = SDKROOT; };
/* End PBXFileReference section */

/* Begin PBXFrameworksBuildPhase section */
		870B0A0E2180C7C800B26350 /* Frameworks */ = {
			isa = PBXFrameworksBuildPhase;
			buildActionMask = 2147483647;
			files = (
				87D8E03321A40585003BA597 /* libstdc++.tbd in Frameworks */,
				87CD2B282186D571005E8390 /* ChirpConnect.framework in Frameworks */,
			);
			runOnlyForDeploymentPostprocessing = 0;
		};
/* End PBXFrameworksBuildPhase section */

/* Begin PBXGroup section */
		870B0A082180C7C800B26350 = {
			isa = PBXGroup;
			children = (
				870B0A132180C7C800B26350 /* MeriMaruthi */,
				870B0A122180C7C800B26350 /* Products */,
				87CD2B272186D571005E8390 /* ChirpConnect.framework */,
				87D8E03121A40585003BA597 /* Frameworks */,
			);
			sourceTree = "<group>";
		};
		870B0A122180C7C800B26350 /* Products */ = {
			isa = PBXGroup;
			children = (
				870B0A112180C7C800B26350 /* MeriMaruthi.app */,
			);
			name = Products;
			sourceTree = "<group>";
		};
		870B0A132180C7C800B26350 /* MeriMaruthi */ = {
			isa = PBXGroup;
			children = (
				870B0A142180C7C800B26350 /* AppDelegate.swift */,
				872A9E4121837DE4007558E5 /* OlderOfferViewController.swift */,
				872A9E4D21838973007558E5 /* BookTestRideViewController.swift */,
				872A9E4521837DFB007558E5 /* HomeViewController.swift */,
				872A9E4F21838980007558E5 /* CustomerCareViewController.swift */,
				872A9E4921838950007558E5 /* NearMaruthiMeViewController.swift */,
				872A9E4B21838966007558E5 /* BookCarServiceViewController.swift */,
				87CD2B2A2186E1C8005E8390 /* PaymentOldViewController.swift */,
				872A9E4721837E17007558E5 /* PaymentViewController.swift */,
				870B0A182180C7C800B26350 /* Main.storyboard */,
				872A9E4321837DEF007558E5 /* NewOfferViewController.swift */,
				870B0A1B2180C7CE00B26350 /* Assets.xcassets */,
				870B0A1D2180C7CE00B26350 /* LaunchScreen.storyboard */,
				870B0A202180C7CE00B26350 /* Info.plist */,
				87CD2B292186D591005E8390 /* MeriMaruthi-Bridging-Header.h */,
			);
			path = MeriMaruthi;
			sourceTree = "<group>";
		};
		87D8E03121A40585003BA597 /* Frameworks */ = {
			isa = PBXGroup;
			children = (
				87D8E03221A40585003BA597 /* libstdc++.tbd */,
			);
			name = Frameworks;
			sourceTree = "<group>";
		};
/* End PBXGroup section */

/* Begin PBXNativeTarget section */
		870B0A102180C7C800B26350 /* MeriMaruthi */ = {
			isa = PBXNativeTarget;
			buildConfigurationList = 870B0A232180C7CE00B26350 /* Build configuration list for PBXNativeTarget "MeriMaruthi" */;
			buildPhases = (
				870B0A0D2180C7C800B26350 /* Sources */,
				870B0A0E2180C7C800B26350 /* Frameworks */,
				870B0A0F2180C7C800B26350 /* Resources */,
			);
			buildRules = (
			);
			dependencies = (
			);
			name = MeriMaruthi;
			productName = MeriMaruthi;
			productReference = 870B0A112180C7C800B26350 /* MeriMaruthi.app */;
			productType = "com.apple.product-type.application";
		};
/* End PBXNativeTarget section */

/* Begin PBXProject section */
		870B0A092180C7C800B26350 /* Project object */ = {
			isa = PBXProject;
			attributes = {
				LastSwiftUpdateCheck = 0930;
				LastUpgradeCheck = 0930;
				ORGANIZATIONNAME = "Rahul Patil";
				TargetAttributes = {
					870B0A102180C7C800B26350 = {
						CreatedOnToolsVersion = 9.3;
					};
				};
			};
			buildConfigurationList = 870B0A0C2180C7C800B26350 /* Build configuration list for PBXProject "MeriMaruthi" */;
			compatibilityVersion = "Xcode 9.3";
			developmentRegion = en;
			hasScannedForEncodings = 0;
			knownRegions = (
				en,
				Base,
			);
			mainGroup = 870B0A082180C7C800B26350;
			productRefGroup = 870B0A122180C7C800B26350 /* Products */;
			projectDirPath = "";
			projectRoot = "";
			targets = (
				870B0A102180C7C800B26350 /* MeriMaruthi */,
			);
		};
/* End PBXProject section */

/* Begin PBXResourcesBuildPhase section */
		870B0A0F2180C7C800B26350 /* Resources */ = {
			isa = PBXResourcesBuildPhase;
			buildActionMask = 2147483647;
			files = (
				870B0A1F2180C7CE00B26350 /* LaunchScreen.storyboard in Resources */,
				870B0A1C2180C7CE00B26350 /* Assets.xcassets in Resources */,
				870B0A1A2180C7C800B26350 /* Main.storyboard in Resources */,
			);
			runOnlyForDeploymentPostprocessing = 0;
		};
/* End PBXResourcesBuildPhase section */

/* Begin PBXSourcesBuildPhase section */
		870B0A0D2180C7C800B26350 /* Sources */ = {
			isa = PBXSourcesBuildPhase;
			buildActionMask = 2147483647;
			files = (
				872A9E4621837DFB007558E5 /* HomeViewController.swift in Sources */,
				872A9E4821837E17007558E5 /* PaymentViewController.swift in Sources */,
				872A9E5021838980007558E5 /* CustomerCareViewController.swift in Sources */,
				87CD2B2B2186E1C8005E8390 /* PaymentOldViewController.swift in Sources */,
				872A9E4221837DE4007558E5 /* OlderOfferViewController.swift in Sources */,
				872A9E4421837DEF007558E5 /* NewOfferViewController.swift in Sources */,
				870B0A152180C7C800B26350 /* AppDelegate.swift in Sources */,
				872A9E4C21838966007558E5 /* BookCarServiceViewController.swift in Sources */,
				872A9E4A21838950007558E5 /* NearMaruthiMeViewController.swift in Sources */,
				872A9E4E21838973007558E5 /* BookTestRideViewController.swift in Sources */,
			);
			runOnlyForDeploymentPostprocessing = 0;
		};
/* End PBXSourcesBuildPhase section */

/* Begin PBXVariantGroup section */
		870B0A182180C7C800B26350 /* Main.storyboard */ = {
			isa = PBXVariantGroup;
			children = (
				870B0A192180C7C800B26350 /* Base */,
			);
			name = Main.storyboard;
			sourceTree = "<group>";
		};
		870B0A1D2180C7CE00B26350 /* LaunchScreen.storyboard */ = {
			isa = PBXVariantGroup;
			children = (
				870B0A1E2180C7CE00B26350 /* Base */,
			);
			name = LaunchScreen.storyboard;
			sourceTree = "<group>";
		};
/* End PBXVariantGroup section */

/* Begin XCBuildConfiguration section */
		870B0A212180C7CE00B26350 /* Debug */ = {
			isa = XCBuildConfiguration;
			buildSettings = {
				ALWAYS_SEARCH_USER_PATHS = NO;
				CLANG_ANALYZER_NONNULL = YES;
				CLANG_ANALYZER_NUMBER_OBJECT_CONVERSION = YES_AGGRESSIVE;
				CLANG_CXX_LANGUAGE_STANDARD = "gnu++14";
				CLANG_CXX_LIBRARY = "libc++";
				CLANG_ENABLE_MODULES = YES;
				CLANG_ENABLE_OBJC_ARC = YES;
				CLANG_ENABLE_OBJC_WEAK = YES;
				CLANG_WARN_BLOCK_CAPTURE_AUTORELEASING = YES;
				CLANG_WARN_BOOL_CONVERSION = YES;
				CLANG_WARN_COMMA = YES;
				CLANG_WARN_CONSTANT_CONVERSION = YES;
				CLANG_WARN_DEPRECATED_OBJC_IMPLEMENTATIONS = YES;
				CLANG_WARN_DIRECT_OBJC_ISA_USAGE = YES_ERROR;
				CLANG_WARN_DOCUMENTATION_COMMENTS = YES;
				CLANG_WARN_EMPTY_BODY = YES;
				CLANG_WARN_ENUM_CONVERSION = YES;
				CLANG_WARN_INFINITE_RECURSION = YES;
				CLANG_WARN_INT_CONVERSION = YES;
				CLANG_WARN_NON_LITERAL_NULL_CONVERSION = YES;
				CLANG_WARN_OBJC_IMPLICIT_RETAIN_SELF = YES;
				CLANG_WARN_OBJC_LITERAL_CONVERSION = YES;
				CLANG_WARN_OBJC_ROOT_CLASS = YES_ERROR;
				CLANG_WARN_RANGE_LOOP_ANALYSIS = YES;
				CLANG_WARN_STRICT_PROTOTYPES = YES;
				CLANG_WARN_SUSPICIOUS_MOVE = YES;
				CLANG_WARN_UNGUARDED_AVAILABILITY = YES_AGGRESSIVE;
				CLANG_WARN_UNREACHABLE_CODE = YES;
				CLANG_WARN__DUPLICATE_METHOD_MATCH = YES;
				CODE_SIGN_IDENTITY = "iPhone Developer";
				COPY_PHASE_STRIP = NO;
				DEBUG_INFORMATION_FORMAT = dwarf;
				ENABLE_STRICT_OBJC_MSGSEND = YES;
				ENABLE_TESTABILITY = YES;
				GCC_C_LANGUAGE_STANDARD = gnu11;
				GCC_DYNAMIC_NO_PIC = NO;
				GCC_NO_COMMON_BLOCKS = YES;
				GCC_OPTIMIZATION_LEVEL = 0;
				GCC_PREPROCESSOR_DEFINITIONS = (
					"DEBUG=1",
					"$(inherited)",
				);
				GCC_WARN_64_TO_32_BIT_CONVERSION = YES;
				GCC_WARN_ABOUT_RETURN_TYPE = YES_ERROR;
				GCC_WARN_UNDECLARED_SELECTOR = YES;
				GCC_WARN_UNINITIALIZED_AUTOS = YES_AGGRESSIVE;
				GCC_WARN_UNUSED_FUNCTION = YES;
				GCC_WARN_UNUSED_VARIABLE = YES;
				IPHONEOS_DEPLOYMENT_TARGET = 11.3;
				MTL_ENABLE_DEBUG_INFO = YES;
				ONLY_ACTIVE_ARCH = YES;
				SDKROOT = iphoneos;
				SWIFT_ACTIVE_COMPILATION_CONDITIONS = DEBUG;
				SWIFT_OPTIMIZATION_LEVEL = "-Onone";
			};
			name = Debug;
		};
		870B0A222180C7CE00B26350 /* Release */ = {
			isa = XCBuildConfiguration;
			buildSettings = {
				ALWAYS_SEARCH_USER_PATHS = NO;
				CLANG_ANALYZER_NONNULL = YES;
				CLANG_ANALYZER_NUMBER_OBJECT_CONVERSION = YES_AGGRESSIVE;
				CLANG_CXX_LANGUAGE_STANDARD = "gnu++14";
				CLANG_CXX_LIBRARY = "libc++";
				CLANG_ENABLE_MODULES = YES;
				CLANG_ENABLE_OBJC_ARC = YES;
				CLANG_ENABLE_OBJC_WEAK = YES;
				CLANG_WARN_BLOCK_CAPTURE_AUTORELEASING = YES;
				CLANG_WARN_BOOL_CONVERSION = YES;
				CLANG_WARN_COMMA = YES;
				CLANG_WARN_CONSTANT_CONVERSION = YES;
				CLANG_WARN_DEPRECATED_OBJC_IMPLEMENTATIONS = YES;
				CLANG_WARN_DIRECT_OBJC_ISA_USAGE = YES_ERROR;
				CLANG_WARN_DOCUMENTATION_COMMENTS = YES;
				CLANG_WARN_EMPTY_BODY = YES;
				CLANG_WARN_ENUM_CONVERSION = YES;
				CLANG_WARN_INFINITE_RECURSION = YES;
				CLANG_WARN_INT_CONVERSION = YES;
				CLANG_WARN_NON_LITERAL_NULL_CONVERSION = YES;
				CLANG_WARN_OBJC_IMPLICIT_RETAIN_SELF = YES;
				CLANG_WARN_OBJC_LITERAL_CONVERSION = YES;
				CLANG_WARN_OBJC_ROOT_CLASS = YES_ERROR;
				CLANG_WARN_RANGE_LOOP_ANALYSIS = YES;
				CLANG_WARN_STRICT_PROTOTYPES = YES;
				CLANG_WARN_SUSPICIOUS_MOVE = YES;
				CLANG_WARN_UNGUARDED_AVAILABILITY = YES_AGGRESSIVE;
				CLANG_WARN_UNREACHABLE_CODE = YES;
				CLANG_WARN__DUPLICATE_METHOD_MATCH = YES;
				CODE_SIGN_IDENTITY = "iPhone Developer";
				COPY_PHASE_STRIP = NO;
				DEBUG_INFORMATION_FORMAT = "dwarf-with-dsym";
				ENABLE_NS_ASSERTIONS = NO;
				ENABLE_STRICT_OBJC_MSGSEND = YES;
				GCC_C_LANGUAGE_STANDARD = gnu11;
				GCC_NO_COMMON_BLOCKS = YES;
				GCC_WARN_64_TO_32_BIT_CONVERSION = YES;
				GCC_WARN_ABOUT_RETURN_TYPE = YES_ERROR;
				GCC_WARN_UNDECLARED_SELECTOR = YES;
				GCC_WARN_UNINITIALIZED_AUTOS = YES_AGGRESSIVE;
				GCC_WARN_UNUSED_FUNCTION = YES;
				GCC_WARN_UNUSED_VARIABLE = YES;
				IPHONEOS_DEPLOYMENT_TARGET = 11.3;
				MTL_ENABLE_DEBUG_INFO = NO;
				SDKROOT = iphoneos;
				SWIFT_COMPILATION_MODE = wholemodule;
				SWIFT_OPTIMIZATION_LEVEL = "-O";
				VALIDATE_PRODUCT = YES;
			};
			name = Release;
		};
		870B0A242180C7CE00B26350 /* Debug */ = {
			isa = XCBuildConfiguration;
			buildSettings = {
				ASSETCATALOG_COMPILER_APPICON_NAME = AppIcon;
				CLANG_WARN__ARC_BRIDGE_CAST_NONARC = NO;
				CODE_SIGN_IDENTITY = "iPhone Developer";
				CODE_SIGN_STYLE = Manual;
				DEVELOPMENT_TEAM = SBXXHFN63C;
				ENABLE_BITCODE = NO;
				FRAMEWORK_SEARCH_PATHS = (
					"$(inherited)",
					"$(PROJECT_DIR)",
				);
				INFOPLIST_FILE = MeriMaruthi/Info.plist;
				IPHONEOS_DEPLOYMENT_TARGET = 11.0;
				LD_RUNPATH_SEARCH_PATHS = (
					"$(inherited)",
					"@executable_path/Frameworks",
				);
				PRODUCT_BUNDLE_IDENTIFIER = com.itcinfotech.merimaruthi;
				PRODUCT_NAME = "$(TARGET_NAME)";
				PROVISIONING_PROFILE = "8cc2babb-11a9-431b-956c-298aa211c071";
				PROVISIONING_PROFILE_SPECIFIER = WC_dev;
				SWIFT_OBJC_BRIDGING_HEADER = "MeriMaruthi/MeriMaruthi-Bridging-Header.h";
				SWIFT_VERSION = 4.0;
				TARGETED_DEVICE_FAMILY = "1,2";
			};
			name = Debug;
		};
		870B0A252180C7CE00B26350 /* Release */ = {
			isa = XCBuildConfiguration;
			buildSettings = {
				ASSETCATALOG_COMPILER_APPICON_NAME = AppIcon;
				CLANG_WARN__ARC_BRIDGE_CAST_NONARC = NO;
				CODE_SIGN_IDENTITY = "iPhone Developer";
				CODE_SIGN_STYLE = Manual;
				DEVELOPMENT_TEAM = SBXXHFN63C;
				ENABLE_BITCODE = NO;
				FRAMEWORK_SEARCH_PATHS = (
					"$(inherited)",
					"$(PROJECT_DIR)",
				);
				INFOPLIST_FILE = MeriMaruthi/Info.plist;
				IPHONEOS_DEPLOYMENT_TARGET = 11.0;
				LD_RUNPATH_SEARCH_PATHS = (
					"$(inherited)",
					"@executable_path/Frameworks",
				);
				PRODUCT_BUNDLE_IDENTIFIER = com.itcinfotech.merimaruthi;
				PRODUCT_NAME = "$(TARGET_NAME)";
				PROVISIONING_PROFILE = "8cc2babb-11a9-431b-956c-298aa211c071";
				PROVISIONING_PROFILE_SPECIFIER = WC_dev;
				SWIFT_OBJC_BRIDGING_HEADER = "MeriMaruthi/MeriMaruthi-Bridging-Header.h";
				SWIFT_VERSION = 4.0;
				TARGETED_DEVICE_FAMILY = "1,2";
			};
			name = Release;
		};
/* End XCBuildConfiguration section */

/* Begin XCConfigurationList section */
		870B0A0C2180C7C800B26350 /* Build configuration list for PBXProject "MeriMaruthi" */ = {
			isa = XCConfigurationList;
			buildConfigurations = (
				870B0A212180C7CE00B26350 /* Debug */,
				870B0A222180C7CE00B26350 /* Release */,
			);
			defaultConfigurationIsVisible = 0;
			defaultConfigurationName = Release;
		};
		870B0A232180C7CE00B26350 /* Build configuration list for PBXNativeTarget "MeriMaruthi" */ = {
			isa = XCConfigurationList;
			buildConfigurations = (
				870B0A242180C7CE00B26350 /* Debug */,
				870B0A252180C7CE00B26350 /* Release */,
			);
			defaultConfigurationIsVisible = 0;
			defaultConfigurationName = Release;
		};
/* End XCConfigurationList section */
	};
	rootObject = 870B0A092180C7C800B26350 /* Project object */;
}
